
Microsoft Visual Studio Solution File, Format Version 12.00
# Visual Studio Version 17
VisualStudioVersion = 17.5.002.0
MinimumVisualStudioVersion = 10.0.40219.1
Project("{9A19103F-16F7-4668-BE54-9A1E7A4F7556}") = "DesafioFundamentos", "DesafioFundamentos\DesafioFundamentos.csproj", "{EBD23F92-A7EC-4DAE-BF06-557C9C0781A3}"
EndProject
Global
	GlobalSection(SolutionConfigurationPlatforms) = preSolution
		Debug|Any CPU = Debug|Any CPU
		Release|Any CPU = Release|Any CPU
	EndGlobalSection
	GlobalSection(ProjectConfigurationPlatforms) = postSolution
		{EBD23F92-A7EC-4DAE-BF06-557C9C0781A3}.Debug|Any CPU.ActiveCfg = Debug|Any CPU
		{EBD23F92-A7EC-4DAE-BF06-557C9C0781A3}.Debug|Any CPU.Build.0 = Debug|Any CPU
		{EBD23F92-A7EC-4DAE-BF06-557C9C0781A3}.Release|Any CPU.ActiveCfg = Release|Any CPU
		{EBD23F92-A7EC-4DAE-BF06-557C9C0781A3}.Release|Any CPU.Build.0 = Release|Any CPU
	EndGlobalSection
	GlobalSection(SolutionProperties) = preSolution
		HideSolutionNode = FALSE
	EndGlobalSection
	GlobalSection(ExtensibilityGlobals) = postSolution
		SolutionGuid = {B3D804AB-1137-4B81-A08B-8C01C7A722F8}
	EndGlobalSection
EndGlobal
